// !$*UTF8*$!
{
	archiveVersion = 1;
	classes = {
	};
	objectVersion = 48;
	objects = {

/* Begin PBXBuildFile section */
		AC2A2D5B21C8E79D00A7A621 /* AppDelegate.swift in Sources */ = {isa = PBXBuildFile; fileRef = AC2A2D5A21C8E79D00A7A621 /* AppDelegate.swift */; };
		AC2A2D5D21C8E79D00A7A621 /* ViewController.swift in Sources */ = {isa = PBXBuildFile; fileRef = AC2A2D5C21C8E79D00A7A621 /* ViewController.swift */; };
		AC2A2D6221C8E79D00A7A621 /* Assets.xcassets in Resources */ = {isa = PBXBuildFile; fileRef = AC2A2D6121C8E79D00A7A621 /* Assets.xcassets */; };
		AC2A2D6521C8E79D00A7A621 /* LaunchScreen.storyboard in Resources */ = {isa = PBXBuildFile; fileRef = AC2A2D6321C8E79D00A7A621 /* LaunchScreen.storyboard */; };
		AC2A2D7021C8E79D00A7A621 /* shiyanliu1Tests.swift in Sources */ = {isa = PBXBuildFile; fileRef = AC2A2D6F21C8E79D00A7A621 /* shiyanliu1Tests.swift */; };
		AC2A2D7B21C8E79D00A7A621 /* shiyanliu1UITests.swift in Sources */ = {isa = PBXBuildFile; fileRef = AC2A2D7A21C8E79D00A7A621 /* shiyanliu1UITests.swift */; };
		AC2A2D8A21C8E80F00A7A621 /* Main.storyboard in Resources */ = {isa = PBXBuildFile; fileRef = AC2A2D8821C8E80F00A7A621 /* Main.storyboard */; };
/* End PBXBuildFile section */

/* Begin PBXContainerItemProxy section */
		AC2A2D6C21C8E79D00A7A621 /* PBXContainerItemProxy */ = {
			isa = PBXContainerItemProxy;
			containerPortal = AC2A2D4F21C8E79D00A7A621 /* Project object */;
			proxyType = 1;
			remoteGlobalIDString = AC2A2D5621C8E79D00A7A621;
			remoteInfo = shiyanliu1;
		};
		AC2A2D7721C8E79D00A7A621 /* PBXContainerItemProxy */ = {
			isa = PBXContainerItemProxy;
			containerPortal = AC2A2D4F21C8E79D00A7A621 /* Project object */;
			proxyType = 1;
			remoteGlobalIDString = AC2A2D5621C8E79D00A7A621;
			remoteInfo = shiyanliu1;
		};
/* End PBXContainerItemProxy section */

/* Begin PBXFileReference section */
		AC2A2D5721C8E79D00A7A621 /* shiyanliu1.app */ = {isa = PBXFileReference; explicitFileType = wrapper.application; includeInIndex = 0; path = shiyanliu1.app; sourceTree = BUILT_PRODUCTS_DIR; };
		AC2A2D5A21C8E79D00A7A621 /* AppDelegate.swift */ = {isa = PBXFileReference; lastKnownFileType = sourcecode.swift; path = AppDelegate.swift; sourceTree = "<group>"; };
		AC2A2D5C21C8E79D00A7A621 /* ViewController.swift */ = {isa = PBXFileReference; lastKnownFileType = sourcecode.swift; path = ViewController.swift; sourceTree = "<group>"; };
		AC2A2D6121C8E79D00A7A621 /* Assets.xcassets */ = {isa = PBXFileReference; lastKnownFileType = folder.assetcatalog; path = Assets.xcassets; sourceTree = "<group>"; };
		AC2A2D6421C8E79D00A7A621 /* Base */ = {isa = PBXFileReference; lastKnownFileType = file.storyboard; name = Base; path = Base.lproj/LaunchScreen.storyboard; sourceTree = "<group>"; };
		AC2A2D6621C8E79D00A7A621 /* Info.plist */ = {isa = PBXFileReference; lastKnownFileType = text.plist.xml; path = Info.plist; sourceTree = "<group>"; };
		AC2A2D6B21C8E79D00A7A621 /* shiyanliu1Tests.xctest */ = {isa = PBXFileReference; explicitFileType = wrapper.cfbundle; includeInIndex = 0; path = shiyanliu1Tests.xctest; sourceTree = BUILT_PRODUCTS_DIR; };
		AC2A2D6F21C8E79D00A7A621 /* shiyanliu1Tests.swift */ = {isa = PBXFileReference; lastKnownFileType = sourcecode.swift; path = shiyanliu1Tests.swift; sourceTree = "<group>"; };
		AC2A2D7121C8E79D00A7A621 /* Info.plist */ = {isa = PBXFileReference; lastKnownFileType = text.plist.xml; path = Info.plist; sourceTree = "<group>"; };
		AC2A2D7621C8E79D00A7A621 /* shiyanliu1UITests.xctest */ = {isa = PBXFileReference; explicitFileType = wrapper.cfbundle; includeInIndex = 0; path = shiyanliu1UITests.xctest; sourceTree = BUILT_PRODUCTS_DIR; };
		AC2A2D7A21C8E79D00A7A621 /* shiyanliu1UITests.swift */ = {isa = PBXFileReference; lastKnownFileType = sourcecode.swift; path = shiyanliu1UITests.swift; sourceTree = "<group>"; };
		AC2A2D7C21C8E79D00A7A621 /* Info.plist */ = {isa = PBXFileReference; lastKnownFileType = text.plist.xml; path = Info.plist; sourceTree = "<group>"; };
		AC2A2D8921C8E80F00A7A621 /* Base */ = {isa = PBXFileReference; lastKnownFileType = file.storyboard; name = Base; path = "../../SixthWork/9袁林双/six/SixthWork/SixthWork/SixthWork/Base.lproj/Main.storyboard"; sourceTree = "<group>"; };
/* End PBXFileReference section */

/* Begin PBXFrameworksBuildPhase section */
		AC2A2D5421C8E79D00A7A621 /* Frameworks */ = {
			isa = PBXFrameworksBuildPhase;
			buildActionMask = 2147483647;
			files = (
			);
			runOnlyForDeploymentPostprocessing = 0;
		};
		AC2A2D6821C8E79D00A7A621 /* Frameworks */ = {
			isa = PBXFrameworksBuildPhase;
			buildActionMask = 2147483647;
			files = (
			);
			runOnlyForDeploymentPostprocessing = 0;
		};
		AC2A2D7321C8E79D00A7A621 /* Frameworks */ = {
			isa = PBXFrameworksBuildPhase;
			buildActionMask = 2147483647;
			files = (
			);
			runOnlyForDeploymentPostprocessing = 0;
		};
/* End PBXFrameworksBuildPhase section */

/* Begin PBXGroup section */
		AC2A2D4E21C8E79D00A7A621 = {
			isa = PBXGroup;
			children = (
				AC2A2D5921C8E79D00A7A621 /* shiyanliu1 */,
				AC2A2D6E21C8E79D00A7A621 /* shiyanliu1Tests */,
				AC2A2D7921C8E79D00A7A621 /* shiyanliu1UITests */,
				AC2A2D5821C8E79D00A7A621 /* Products */,
			);
			sourceTree = "<group>";
		};
		AC2A2D5821C8E79D00A7A621 /* Products */ = {
			isa = PBXGroup;
			children = (
				AC2A2D5721C8E79D00A7A621 /* shiyanliu1.app */,
				AC2A2D6B21C8E79D00A7A621 /* shiyanliu1Tests.xctest */,
				AC2A2D7621C8E79D00A7A621 /* shiyanliu1UITests.xctest */,
			);
			name = Products;
			sourceTree = "<group>";
		};
		AC2A2D5921C8E79D00A7A621 /* shiyanliu1 */ = {
			isa = PBXGroup;
			children = (
				AC2A2D5C21C8E79D00A7A621 /* ViewController.swift */,
				AC2A2D5A21C8E79D00A7A621 /* AppDelegate.swift */,
				AC2A2D8821C8E80F00A7A621 /* Main.storyboard */,
				AC2A2D6121C8E79D00A7A621 /* Assets.xcassets */,
				AC2A2D6321C8E79D00A7A621 /* LaunchScreen.storyboard */,
				AC2A2D6621C8E79D00A7A621 /* Info.plist */,
			);
			path = shiyanliu1;
			sourceTree = "<group>";
		};
		AC2A2D6E21C8E79D00A7A621 /* shiyanliu1Tests */ = {
			isa = PBXGroup;
			children = (
				AC2A2D6F21C8E79D00A7A621 /* shiyanliu1Tests.swift */,
				AC2A2D7121C8E79D00A7A621 /* Info.plist */,
			);
			path = shiyanliu1Tests;
			sourceTree = "<group>";
		};
		AC2A2D7921C8E79D00A7A621 /* shiyanliu1UITests */ = {
			isa = PBXGroup;
			children = (
				AC2A2D7A21C8E79D00A7A621 /* shiyanliu1UITests.swift */,
				AC2A2D7C21C8E79D00A7A621 /* Info.plist */,
			);
			path = shiyanliu1UITests;
			sourceTree = "<group>";
		};
/* End PBXGroup section */

/* Begin PBXNativeTarget section */
		AC2A2D5621C8E79D00A7A621 /* shiyanliu1 */ = {
			isa = PBXNativeTarget;
			buildConfigurationList = AC2A2D7F21C8E79D00A7A621 /* Build configuration list for PBXNativeTarget "shiyanliu1" */;
			buildPhases = (
				AC2A2D5321C8E79D00A7A621 /* Sources */,
				AC2A2D5421C8E79D00A7A621 /* Frameworks */,
				AC2A2D5521C8E79D00A7A621 /* Resources */,
			);
			buildRules = (
			);
			dependencies = (
			);
			name = shiyanliu1;
			productName = shiyanliu1;
			productReference = AC2A2D5721C8E79D00A7A621 /* shiyanliu1.app */;
			productType = "com.apple.product-type.application";
		};
		AC2A2D6A21C8E79D00A7A621 /* shiyanliu1Tests */ = {
			isa = PBXNativeTarget;
			buildConfigurationList = AC2A2D8221C8E79D00A7A621 /* Build configuration list for PBXNativeTarget "shiyanliu1Tests" */;
			buildPhases = (
				AC2A2D6721C8E79D00A7A621 /* Sources */,
				AC2A2D6821C8E79D00A7A621 /* Frameworks */,
				AC2A2D6921C8E79D00A7A621 /* Resources */,
			);
			buildRules = (
			);
			dependencies = (
				AC2A2D6D21C8E79D00A7A621 /* PBXTargetDependency */,
			);
			name = shiyanliu1Tests;
			productName = shiyanliu1Tests;
			productReference = AC2A2D6B21C8E79D00A7A621 /* shiyanliu1Tests.xctest */;
			productType = "com.apple.product-type.bundle.unit-test";
		};
		AC2A2D7521C8E79D00A7A621 /* shiyanliu1UITests */ = {
			isa = PBXNativeTarget;
			buildConfigurationList = AC2A2D8521C8E79D00A7A621 /* Build configuration list for PBXNativeTarget "shiyanliu1UITests" */;
			buildPhases = (
				AC2A2D7221C8E79D00A7A621 /* Sources */,
				AC2A2D7321C8E79D00A7A621 /* Frameworks */,
				AC2A2D7421C8E79D00A7A621 /* Resources */,
			);
			buildRules = (
			);
			dependencies = (
				AC2A2D7821C8E79D00A7A621 /* PBXTargetDependency */,
			);
			name = shiyanliu1UITests;
			productName = shiyanliu1UITests;
			productReference = AC2A2D7621C8E79D00A7A621 /* shiyanliu1UITests.xctest */;
			productType = "com.apple.product-type.bundle.ui-testing";
		};
/* End PBXNativeTarget section */

/* Begin PBXProject section */
		AC2A2D4F21C8E79D00A7A621 /* Project object */ = {
			isa = PBXProject;
			attributes = {
				LastSwiftUpdateCheck = 0920;
				LastUpgradeCheck = 0920;
				ORGANIZATIONNAME = yanlu;
				TargetAttributes = {
					AC2A2D5621C8E79D00A7A621 = {
						CreatedOnToolsVersion = 9.2;
						ProvisioningStyle = Automatic;
					};
					AC2A2D6A21C8E79D00A7A621 = {
						CreatedOnToolsVersion = 9.2;
						ProvisioningStyle = Automatic;
						TestTargetID = AC2A2D5621C8E79D00A7A621;
					};
					AC2A2D7521C8E79D00A7A621 = {
						CreatedOnToolsVersion = 9.2;
						ProvisioningStyle = Automatic;
						TestTargetID = AC2A2D5621C8E79D00A7A621;
					};
				};
			};
			buildConfigurationList = AC2A2D5221C8E79D00A7A621 /* Build configuration list for PBXProject "shiyanliu1" */;
			compatibilityVersion = "Xcode 8.0";
			developmentRegion = en;
			hasScannedForEncodings = 0;
			knownRegions = (
				en,
				Base,
			);
			mainGroup = AC2A2D4E21C8E79D00A7A621;
			productRefGroup = AC2A2D5821C8E79D00A7A621 /* Products */;
			projectDirPath = "";
			projectRoot = "";
			targets = (
				AC2A2D5621C8E79D00A7A621 /* shiyanliu1 */,
				AC2A2D6A21C8E79D00A7A621 /* shiyanliu1Tests */,
				AC2A2D7521C8E79D00A7A621 /* shiyanliu1UITests */,
			);
		};
/* End PBXProject section */

/* Begin PBXResourcesBuildPhase section */
		AC2A2D5521C8E79D00A7A621 /* Resources */ = {
			isa = PBXResourcesBuildPhase;
			buildActionMask = 2147483647;
			files = (
				AC2A2D8A21C8E80F00A7A621 /* Main.storyboard in Resources */,
				AC2A2D6521C8E79D00A7A621 /* LaunchScreen.storyboard in Resources */,
				AC2A2D6221C8E79D00A7A621 /* Assets.xcassets in Resources */,
			);
			runOnlyForDeploymentPostprocessing = 0;
		};
		AC2A2D6921C8E79D00A7A621 /* Resources */ = {
			isa = PBXResourcesBuildPhase;
			buildActionMask = 2147483647;
			files = (
			);
			runOnlyForDeploymentPostprocessing = 0;
		};
		AC2A2D7421C8E79D00A7A621 /* Resources */ = {
			isa = PBXResourcesBuildPhase;
			buildActionMask = 2147483647;
			files = (
			);
			runOnlyForDeploymentPostprocessing = 0;
		};
/* End PBXResourcesBuildPhase section */

/* Begin PBXSourcesBuildPhase section */
		AC2A2D5321C8E79D00A7A621 /* Sources */ = {
			isa = PBXSourcesBuildPhase;
			buildActionMask = 2147483647;
			files = (
				AC2A2D5D21C8E79D00A7A621 /* ViewController.swift in Sources */,
				AC2A2D5B21C8E79D00A7A621 /* AppDelegate.swift in Sources */,
			);
			runOnlyForDeploymentPostprocessing = 0;
		};
		AC2A2D6721C8E79D00A7A621 /* Sources */ = {
			isa = PBXSourcesBuildPhase;
			buildActionMask = 2147483647;
			files = (
				AC2A2D7021C8E79D00A7A621 /* shiyanliu1Tests.swift in Sources */,
			);
			runOnlyForDeploymentPostprocessing = 0;
		};
		AC2A2D7221C8E79D00A7A621 /* Sources */ = {
			isa = PBXSourcesBuildPhase;
			buildActionMask = 2147483647;
			files = (
				AC2A2D7B21C8E79D00A7A621 /* shiyanliu1UITests.swift in Sources */,
			);
			runOnlyForDeploymentPostprocessing = 0;
		};
/* End PBXSourcesBuildPhase section */

/* Begin PBXTargetDependency section */
		AC2A2D6D21C8E79D00A7A621 /* PBXTargetDependency */ = {
			isa = PBXTargetDependency;
			target = AC2A2D5621C8E79D00A7A621 /* shiyanliu1 */;
			targetProxy = AC2A2D6C21C8E79D00A7A621 /* PBXContainerItemProxy */;
		};
		AC2A2D7821C8E79D00A7A621 /* PBXTargetDependency */ = {
			isa = PBXTargetDependency;
			target = AC2A2D5621C8E79D00A7A621 /* shiyanliu1 */;
			targetProxy = AC2A2D7721C8E79D00A7A621 /* PBXContainerItemProxy */;
		};
/* End PBXTargetDependency section */

/* Begin PBXVariantGroup section */
		AC2A2D6321C8E79D00A7A621 /* LaunchScreen.storyboard */ = {
			isa = PBXVariantGroup;
			children = (
				AC2A2D6421C8E79D00A7A621 /* Base */,
			);
			name = LaunchScreen.storyboard;
			sourceTree = "<group>";
		};
		AC2A2D8821C8E80F00A7A621 /* Main.storyboard */ = {
			isa = PBXVariantGroup;
			children = (
				AC2A2D8921C8E80F00A7A621 /* Base */,
			);
			name = Main.storyboard;
			sourceTree = "<group>";
		};
/* End PBXVariantGroup section */

/* Begin XCBuildConfiguration section */
		AC2A2D7D21C8E79D00A7A621 /* Debug */ = {
			isa = XCBuildConfiguration;
			buildSettings = {
				ALWAYS_SEARCH_USER_PATHS = NO;
				CLANG_ANALYZER_NONNULL = YES;
				CLANG_ANALYZER_NUMBER_OBJECT_CONVERSION = YES_AGGRESSIVE;
				CLANG_CXX_LANGUAGE_STANDARD = "gnu++14";
				CLANG_CXX_LIBRARY = "libc++";
				CLANG_ENABLE_MODULES = YES;
				CLANG_ENABLE_OBJC_ARC = YES;
				CLANG_WARN_BLOCK_CAPTURE_AUTORELEASING = YES;
				CLANG_WARN_BOOL_CONVERSION = YES;
				CLANG_WARN_COMMA = YES;
				CLANG_WARN_CONSTANT_CONVERSION = YES;
				CLANG_WARN_DIRECT_OBJC_ISA_USAGE = YES_ERROR;
				CLANG_WARN_DOCUMENTATION_COMMENTS = YES;
				CLANG_WARN_EMPTY_BODY = YES;
				CLANG_WARN_ENUM_CONVERSION = YES;
				CLANG_WARN_INFINITE_RECURSION = YES;
				CLANG_WARN_INT_CONVERSION = YES;
				CLANG_WARN_NON_LITERAL_NULL_CONVERSION = YES;
				CLANG_WARN_OBJC_LITERAL_CONVERSION = YES;
				CLANG_WARN_OBJC_ROOT_CLASS = YES_ERROR;
				CLANG_WARN_RANGE_LOOP_ANALYSIS = YES;
				CLANG_WARN_STRICT_PROTOTYPES = YES;
				CLANG_WARN_SUSPICIOUS_MOVE = YES;
				CLANG_WARN_UNGUARDED_AVAILABILITY = YES_AGGRESSIVE;
				CLANG_WARN_UNREACHABLE_CODE = YES;
				CLANG_WARN__DUPLICATE_METHOD_MATCH = YES;
				CODE_SIGN_IDENTITY = "iPhone Developer";
				COPY_PHASE_STRIP = NO;
				DEBUG_INFORMATION_FORMAT = dwarf;
				ENABLE_STRICT_OBJC_MSGSEND = YES;
				ENABLE_TESTABILITY = YES;
				GCC_C_LANGUAGE_STANDARD = gnu11;
				GCC_DYNAMIC_NO_PIC = NO;
				GCC_NO_COMMON_BLOCKS = YES;
				GCC_OPTIMIZATION_LEVEL = 0;
				GCC_PREPROCESSOR_DEFINITIONS = (
					"DEBUG=1",
					"$(inherited)",
				);
				GCC_WARN_64_TO_32_BIT_CONVERSION = YES;
				GCC_WARN_ABOUT_RETURN_TYPE = YES_ERROR;
				GCC_WARN_UNDECLARED_SELECTOR = YES;
				GCC_WARN_UNINITIALIZED_AUTOS = YES_AGGRESSIVE;
				GCC_WARN_UNUSED_FUNCTION = YES;
				GCC_WARN_UNUSED_VARIABLE = YES;
				IPHONEOS_DEPLOYMENT_TARGET = 11.2;
				MTL_ENABLE_DEBUG_INFO = YES;
				ONLY_ACTIVE_ARCH = YES;
				SDKROOT = iphoneos;
				SWIFT_ACTIVE_COMPILATION_CONDITIONS = DEBUG;
				SWIFT_OPTIMIZATION_LEVEL = "-Onone";
			};
			name = Debug;
		};
		AC2A2D7E21C8E79D00A7A621 /* Release */ = {
			isa = XCBuildConfiguration;
			buildSettings = {
				ALWAYS_SEARCH_USER_PATHS = NO;
				CLANG_ANALYZER_NONNULL = YES;
				CLANG_ANALYZER_NUMBER_OBJECT_CONVERSION = YES_AGGRESSIVE;
				CLANG_CXX_LANGUAGE_STANDARD = "gnu++14";
				CLANG_CXX_LIBRARY = "libc++";
				CLANG_ENABLE_MODULES = YES;
				CLANG_ENABLE_OBJC_ARC = YES;
				CLANG_WARN_BLOCK_CAPTURE_AUTORELEASING = YES;
				CLANG_WARN_BOOL_CONVERSION = YES;
				CLANG_WARN_COMMA = YES;
				CLANG_WARN_CONSTANT_CONVERSION = YES;
				CLANG_WARN_DIRECT_OBJC_ISA_USAGE = YES_ERROR;
				CLANG_WARN_DOCUMENTATION_COMMENTS = YES;
				CLANG_WARN_EMPTY_BODY = YES;
				CLANG_WARN_ENUM_CONVERSION = YES;
				CLANG_WARN_INFINITE_RECURSION = YES;
				CLANG_WARN_INT_CONVERSION = YES;
				CLANG_WARN_NON_LITERAL_NULL_CONVERSION = YES;
				CLANG_WARN_OBJC_LITERAL_CONVERSION = YES;
				CLANG_WARN_OBJC_ROOT_CLASS = YES_ERROR;
				CLANG_WARN_RANGE_LOOP_ANALYSIS = YES;
				CLANG_WARN_STRICT_PROTOTYPES = YES;
				CLANG_WARN_SUSPICIOUS_MOVE = YES;
				CLANG_WARN_UNGUARDED_AVAILABILITY = YES_AGGRESSIVE;
				CLANG_WARN_UNREACHABLE_CODE = YES;
				CLANG_WARN__DUPLICATE_METHOD_MATCH = YES;
				CODE_SIGN_IDENTITY = "iPhone Developer";
				COPY_PHASE_STRIP = NO;
				DEBUG_INFORMATION_FORMAT = "dwarf-with-dsym";
				ENABLE_NS_ASSERTIONS = NO;
				ENABLE_STRICT_OBJC_MSGSEND = YES;
				GCC_C_LANGUAGE_STANDARD = gnu11;
				GCC_NO_COMMON_BLOCKS = YES;
				GCC_WARN_64_TO_32_BIT_CONVERSION = YES;
				GCC_WARN_ABOUT_RETURN_TYPE = YES_ERROR;
				GCC_WARN_UNDECLARED_SELECTOR = YES;
				GCC_WARN_UNINITIALIZED_AUTOS = YES_AGGRESSIVE;
				GCC_WARN_UNUSED_FUNCTION = YES;
				GCC_WARN_UNUSED_VARIABLE = YES;
				IPHONEOS_DEPLOYMENT_TARGET = 11.2;
				MTL_ENABLE_DEBUG_INFO = NO;
				SDKROOT = iphoneos;
				SWIFT_OPTIMIZATION_LEVEL = "-Owholemodule";
				VALIDATE_PRODUCT = YES;
			};
			name = Release;
		};
		AC2A2D8021C8E79D00A7A621 /* Debug */ = {
			isa = XCBuildConfiguration;
			buildSettings = {
				ASSETCATALOG_COMPILER_APPICON_NAME = AppIcon;
				CODE_SIGN_STYLE = Automatic;
				INFOPLIST_FILE = shiyanliu1/Info.plist;
				LD_RUNPATH_SEARCH_PATHS = "$(inherited) @executable_path/Frameworks";
				PRODUCT_BUNDLE_IDENTIFIER = "-016110344.shiyanliu1";
				PRODUCT_NAME = "$(TARGET_NAME)";
				SWIFT_VERSION = 4.0;
				TARGETED_DEVICE_FAMILY = "1,2";
			};
			name = Debug;
		};
		AC2A2D8121C8E79D00A7A621 /* Release */ = {
			isa = XCBuildConfiguration;
			buildSettings = {
				ASSETCATALOG_COMPILER_APPICON_NAME = AppIcon;
				CODE_SIGN_STYLE = Automatic;
				INFOPLIST_FILE = shiyanliu1/Info.plist;
				LD_RUNPATH_SEARCH_PATHS = "$(inherited) @executable_path/Frameworks";
				PRODUCT_BUNDLE_IDENTIFIER = "-016110344.shiyanliu1";
				PRODUCT_NAME = "$(TARGET_NAME)";
				SWIFT_VERSION = 4.0;
				TARGETED_DEVICE_FAMILY = "1,2";
			};
			name = Release;
		};
		AC2A2D8321C8E79D00A7A621 /* Debug */ = {
			isa = XCBuildConfiguration;
			buildSettings = {
				ALWAYS_EMBED_SWIFT_STANDARD_LIBRARIES = YES;
				BUNDLE_LOADER = "$(TEST_HOST)";
				CODE_SIGN_STYLE = Automatic;
				INFOPLIST_FILE = shiyanliu1Tests/Info.plist;
				LD_RUNPATH_SEARCH_PATHS = "$(inherited) @executable_path/Frameworks @loader_path/Frameworks";
				PRODUCT_BUNDLE_IDENTIFIER = "-016110344.shiyanliu1Tests";
				PRODUCT_NAME = "$(TARGET_NAME)";
				SWIFT_VERSION = 4.0;
				TARGETED_DEVICE_FAMILY = "1,2";
				TEST_HOST = "$(BUILT_PRODUCTS_DIR)/shiyanliu1.app/shiyanliu1";
			};
			name = Debug;
		};
		AC2A2D8421C8E79D00A7A621 /* Release */ = {
			isa = XCBuildConfiguration;
			buildSettings = {
				ALWAYS_EMBED_SWIFT_STANDARD_LIBRARIES = YES;
				BUNDLE_LOADER = "$(TEST_HOST)";
				CODE_SIGN_STYLE = Automatic;
				INFOPLIST_FILE = shiyanliu1Tests/Info.plist;
				LD_RUNPATH_SEARCH_PATHS = "$(inherited) @executable_path/Frameworks @loader_path/Frameworks";
				PRODUCT_BUNDLE_IDENTIFIER = "-016110344.shiyanliu1Tests";
				PRODUCT_NAME = "$(TARGET_NAME)";
				SWIFT_VERSION = 4.0;
				TARGETED_DEVICE_FAMILY = "1,2";
				TEST_HOST = "$(BUILT_PRODUCTS_DIR)/shiyanliu1.app/shiyanliu1";
			};
			name = Release;
		};
		AC2A2D8621C8E79D00A7A621 /* Debug */ = {
			isa = XCBuildConfiguration;
			buildSettings = {
				ALWAYS_EMBED_SWIFT_STANDARD_LIBRARIES = YES;
				CODE_SIGN_STYLE = Automatic;
				INFOPLIST_FILE = shiyanliu1UITests/Info.plist;
				LD_RUNPATH_SEARCH_PATHS = "$(inherited) @executable_path/Frameworks @loader_path/Frameworks";
				PRODUCT_BUNDLE_IDENTIFIER = "-016110344.shiyanliu1UITests";
				PRODUCT_NAME = "$(TARGET_NAME)";
				SWIFT_VERSION = 4.0;
				TARGETED_DEVICE_FAMILY = "1,2";
				TEST_TARGET_NAME = shiyanliu1;
			};
			name = Debug;
		};
		AC2A2D8721C8E79D00A7A621 /* Release */ = {
			isa = XCBuildConfiguration;
			buildSettings = {
				ALWAYS_EMBED_SWIFT_STANDARD_LIBRARIES = YES;
				CODE_SIGN_STYLE = Automatic;
				INFOPLIST_FILE = shiyanliu1UITests/Info.plist;
				LD_RUNPATH_SEARCH_PATHS = "$(inherited) @executable_path/Frameworks @loader_path/Frameworks";
				PRODUCT_BUNDLE_IDENTIFIER = "-016110344.shiyanliu1UITests";
				PRODUCT_NAME = "$(TARGET_NAME)";
				SWIFT_VERSION = 4.0;
				TARGETED_DEVICE_FAMILY = "1,2";
				TEST_TARGET_NAME = shiyanliu1;
			};
			name = Release;
		};
/* End XCBuildConfiguration section */

/* Begin XCConfigurationList section */
		AC2A2D5221C8E79D00A7A621 /* Build configuration list for PBXProject "shiyanliu1" */ = {
			isa = XCConfigurationList;
			buildConfigurations = (
				AC2A2D7D21C8E79D00A7A621 /* Debug */,
				AC2A2D7E21C8E79D00A7A621 /* Release */,
			);
			defaultConfigurationIsVisible = 0;
			defaultConfigurationName = Release;
		};
		AC2A2D7F21C8E79D00A7A621 /* Build configuration list for PBXNativeTarget "shiyanliu1" */ = {
			isa = XCConfigurationList;
			buildConfigurations = (
				AC2A2D8021C8E79D00A7A621 /* Debug */,
				AC2A2D8121C8E79D00A7A621 /* Release */,
			);
			defaultConfigurationIsVisible = 0;
			defaultConfigurationName = Release;
		};
		AC2A2D8221C8E79D00A7A621 /* Build configuration list for PBXNativeTarget "shiyanliu1Tests" */ = {
			isa = XCConfigurationList;
			buildConfigurations = (
				AC2A2D8321C8E79D00A7A621 /* Debug */,
				AC2A2D8421C8E79D00A7A621 /* Release */,
			);
			defaultConfigurationIsVisible = 0;
			defaultConfigurationName = Release;
		};
		AC2A2D8521C8E79D00A7A621 /* Build configuration list for PBXNativeTarget "shiyanliu1UITests" */ = {
			isa = XCConfigurationList;
			buildConfigurations = (
				AC2A2D8621C8E79D00A7A621 /* Debug */,
				AC2A2D8721C8E79D00A7A621 /* Release */,
			);
			defaultConfigurationIsVisible = 0;
			defaultConfigurationName = Release;
		};
/* End XCConfigurationList section */
	};
	rootObject = AC2A2D4F21C8E79D00A7A621 /* Project object */;
}
