// !$*UTF8*$!
{
	archiveVersion = 1;
	classes = {
	};
	objectVersion = 48;
	objects = {

/* Begin PBXBuildFile section */
		AC3FF40A21C8DB96005BC7CC /* AppDelegate.swift in Sources */ = {isa = PBXBuildFile; fileRef = AC3FF40921C8DB96005BC7CC /* AppDelegate.swift */; };
		AC3FF40C21C8DB96005BC7CC /* ViewController.swift in Sources */ = {isa = PBXBuildFile; fileRef = AC3FF40B21C8DB96005BC7CC /* ViewController.swift */; };
		AC3FF41F21C8DB96005BC7CC /* shiyanjiu3Tests.swift in Sources */ = {isa = PBXBuildFile; fileRef = AC3FF41E21C8DB96005BC7CC /* shiyanjiu3Tests.swift */; };
		AC3FF42A21C8DB96005BC7CC /* shiyanjiu3UITests.swift in Sources */ = {isa = PBXBuildFile; fileRef = AC3FF42921C8DB96005BC7CC /* shiyanjiu3UITests.swift */; };
		AC3FF43921C8DC27005BC7CC /* Main.storyboard in Resources */ = {isa = PBXBuildFile; fileRef = AC3FF43721C8DC27005BC7CC /* Main.storyboard */; };
		AC3FF43C21C8DCB6005BC7CC /* LaunchScreen.storyboard in Resources */ = {isa = PBXBuildFile; fileRef = AC3FF43A21C8DCB6005BC7CC /* LaunchScreen.storyboard */; };
		AC3FF43E21C8DCEA005BC7CC /* Assets.xcassets in Resources */ = {isa = PBXBuildFile; fileRef = AC3FF43D21C8DCEA005BC7CC /* Assets.xcassets */; };
/* End PBXBuildFile section */

/* Begin PBXContainerItemProxy section */
		AC3FF41B21C8DB96005BC7CC /* PBXContainerItemProxy */ = {
			isa = PBXContainerItemProxy;
			containerPortal = AC3FF3FE21C8DB96005BC7CC /* Project object */;
			proxyType = 1;
			remoteGlobalIDString = AC3FF40521C8DB96005BC7CC;
			remoteInfo = shiyanjiu3;
		};
		AC3FF42621C8DB96005BC7CC /* PBXContainerItemProxy */ = {
			isa = PBXContainerItemProxy;
			containerPortal = AC3FF3FE21C8DB96005BC7CC /* Project object */;
			proxyType = 1;
			remoteGlobalIDString = AC3FF40521C8DB96005BC7CC;
			remoteInfo = shiyanjiu3;
		};
/* End PBXContainerItemProxy section */

/* Begin PBXFileReference section */
		AC3FF40621C8DB96005BC7CC /* shiyanjiu3.app */ = {isa = PBXFileReference; explicitFileType = wrapper.application; includeInIndex = 0; path = shiyanjiu3.app; sourceTree = BUILT_PRODUCTS_DIR; };
		AC3FF40921C8DB96005BC7CC /* AppDelegate.swift */ = {isa = PBXFileReference; lastKnownFileType = sourcecode.swift; path = AppDelegate.swift; sourceTree = "<group>"; };
		AC3FF40B21C8DB96005BC7CC /* ViewController.swift */ = {isa = PBXFileReference; lastKnownFileType = sourcecode.swift; path = ViewController.swift; sourceTree = "<group>"; };
		AC3FF41521C8DB96005BC7CC /* Info.plist */ = {isa = PBXFileReference; lastKnownFileType = text.plist.xml; path = Info.plist; sourceTree = "<group>"; };
		AC3FF41A21C8DB96005BC7CC /* shiyanjiu3Tests.xctest */ = {isa = PBXFileReference; explicitFileType = wrapper.cfbundle; includeInIndex = 0; path = shiyanjiu3Tests.xctest; sourceTree = BUILT_PRODUCTS_DIR; };
		AC3FF41E21C8DB96005BC7CC /* shiyanjiu3Tests.swift */ = {isa = PBXFileReference; lastKnownFileType = sourcecode.swift; path = shiyanjiu3Tests.swift; sourceTree = "<group>"; };
		AC3FF42021C8DB96005BC7CC /* Info.plist */ = {isa = PBXFileReference; lastKnownFileType = text.plist.xml; path = Info.plist; sourceTree = "<group>"; };
		AC3FF42521C8DB96005BC7CC /* shiyanjiu3UITests.xctest */ = {isa = PBXFileReference; explicitFileType = wrapper.cfbundle; includeInIndex = 0; path = shiyanjiu3UITests.xctest; sourceTree = BUILT_PRODUCTS_DIR; };
		AC3FF42921C8DB96005BC7CC /* shiyanjiu3UITests.swift */ = {isa = PBXFileReference; lastKnownFileType = sourcecode.swift; path = shiyanjiu3UITests.swift; sourceTree = "<group>"; };
		AC3FF42B21C8DB96005BC7CC /* Info.plist */ = {isa = PBXFileReference; lastKnownFileType = text.plist.xml; path = Info.plist; sourceTree = "<group>"; };
		AC3FF43821C8DC27005BC7CC /* Base */ = {isa = PBXFileReference; lastKnownFileType = file.storyboard; name = Base; path = "../../../../../Volumes/小柠檬/IOS/代码分享/ScrollView/ScrollView/Base.lproj/Main.storyboard"; sourceTree = "<group>"; };
		AC3FF43B21C8DCB6005BC7CC /* Base */ = {isa = PBXFileReference; lastKnownFileType = file.storyboard; name = Base; path = "../../../../../Volumes/小柠檬/IOS/代码分享/ScrollView/ScrollView/Base.lproj/LaunchScreen.storyboard"; sourceTree = "<group>"; };
		AC3FF43D21C8DCEA005BC7CC /* Assets.xcassets */ = {isa = PBXFileReference; lastKnownFileType = folder.assetcatalog; name = Assets.xcassets; path = "../../../../../Volumes/小柠檬/IOS/代码分享/ScrollView/ScrollView/Assets.xcassets"; sourceTree = "<group>"; };
/* End PBXFileReference section */

/* Begin PBXFrameworksBuildPhase section */
		AC3FF40321C8DB96005BC7CC /* Frameworks */ = {
			isa = PBXFrameworksBuildPhase;
			buildActionMask = 2147483647;
			files = (
			);
			runOnlyForDeploymentPostprocessing = 0;
		};
		AC3FF41721C8DB96005BC7CC /* Frameworks */ = {
			isa = PBXFrameworksBuildPhase;
			buildActionMask = 2147483647;
			files = (
			);
			runOnlyForDeploymentPostprocessing = 0;
		};
		AC3FF42221C8DB96005BC7CC /* Frameworks */ = {
			isa = PBXFrameworksBuildPhase;
			buildActionMask = 2147483647;
			files = (
			);
			runOnlyForDeploymentPostprocessing = 0;
		};
/* End PBXFrameworksBuildPhase section */

/* Begin PBXGroup section */
		AC3FF3FD21C8DB96005BC7CC = {
			isa = PBXGroup;
			children = (
				AC3FF40821C8DB96005BC7CC /* shiyanjiu3 */,
				AC3FF41D21C8DB96005BC7CC /* shiyanjiu3Tests */,
				AC3FF42821C8DB96005BC7CC /* shiyanjiu3UITests */,
				AC3FF40721C8DB96005BC7CC /* Products */,
			);
			sourceTree = "<group>";
		};
		AC3FF40721C8DB96005BC7CC /* Products */ = {
			isa = PBXGroup;
			children = (
				AC3FF40621C8DB96005BC7CC /* shiyanjiu3.app */,
				AC3FF41A21C8DB96005BC7CC /* shiyanjiu3Tests.xctest */,
				AC3FF42521C8DB96005BC7CC /* shiyanjiu3UITests.xctest */,
			);
			name = Products;
			sourceTree = "<group>";
		};
		AC3FF40821C8DB96005BC7CC /* shiyanjiu3 */ = {
			isa = PBXGroup;
			children = (
				AC3FF43D21C8DCEA005BC7CC /* Assets.xcassets */,
				AC3FF43A21C8DCB6005BC7CC /* LaunchScreen.storyboard */,
				AC3FF43721C8DC27005BC7CC /* Main.storyboard */,
				AC3FF40921C8DB96005BC7CC /* AppDelegate.swift */,
				AC3FF40B21C8DB96005BC7CC /* ViewController.swift */,
				AC3FF41521C8DB96005BC7CC /* Info.plist */,
			);
			path = shiyanjiu3;
			sourceTree = "<group>";
		};
		AC3FF41D21C8DB96005BC7CC /* shiyanjiu3Tests */ = {
			isa = PBXGroup;
			children = (
				AC3FF41E21C8DB96005BC7CC /* shiyanjiu3Tests.swift */,
				AC3FF42021C8DB96005BC7CC /* Info.plist */,
			);
			path = shiyanjiu3Tests;
			sourceTree = "<group>";
		};
		AC3FF42821C8DB96005BC7CC /* shiyanjiu3UITests */ = {
			isa = PBXGroup;
			children = (
				AC3FF42921C8DB96005BC7CC /* shiyanjiu3UITests.swift */,
				AC3FF42B21C8DB96005BC7CC /* Info.plist */,
			);
			path = shiyanjiu3UITests;
			sourceTree = "<group>";
		};
/* End PBXGroup section */

/* Begin PBXNativeTarget section */
		AC3FF40521C8DB96005BC7CC /* shiyanjiu3 */ = {
			isa = PBXNativeTarget;
			buildConfigurationList = AC3FF42E21C8DB96005BC7CC /* Build configuration list for PBXNativeTarget "shiyanjiu3" */;
			buildPhases = (
				AC3FF40221C8DB96005BC7CC /* Sources */,
				AC3FF40321C8DB96005BC7CC /* Frameworks */,
				AC3FF40421C8DB96005BC7CC /* Resources */,
			);
			buildRules = (
			);
			dependencies = (
			);
			name = shiyanjiu3;
			productName = shiyanjiu3;
			productReference = AC3FF40621C8DB96005BC7CC /* shiyanjiu3.app */;
			productType = "com.apple.product-type.application";
		};
		AC3FF41921C8DB96005BC7CC /* shiyanjiu3Tests */ = {
			isa = PBXNativeTarget;
			buildConfigurationList = AC3FF43121C8DB96005BC7CC /* Build configuration list for PBXNativeTarget "shiyanjiu3Tests" */;
			buildPhases = (
				AC3FF41621C8DB96005BC7CC /* Sources */,
				AC3FF41721C8DB96005BC7CC /* Frameworks */,
				AC3FF41821C8DB96005BC7CC /* Resources */,
			);
			buildRules = (
			);
			dependencies = (
				AC3FF41C21C8DB96005BC7CC /* PBXTargetDependency */,
			);
			name = shiyanjiu3Tests;
			productName = shiyanjiu3Tests;
			productReference = AC3FF41A21C8DB96005BC7CC /* shiyanjiu3Tests.xctest */;
			productType = "com.apple.product-type.bundle.unit-test";
		};
		AC3FF42421C8DB96005BC7CC /* shiyanjiu3UITests */ = {
			isa = PBXNativeTarget;
			buildConfigurationList = AC3FF43421C8DB96005BC7CC /* Build configuration list for PBXNativeTarget "shiyanjiu3UITests" */;
			buildPhases = (
				AC3FF42121C8DB96005BC7CC /* Sources */,
				AC3FF42221C8DB96005BC7CC /* Frameworks */,
				AC3FF42321C8DB96005BC7CC /* Resources */,
			);
			buildRules = (
			);
			dependencies = (
				AC3FF42721C8DB96005BC7CC /* PBXTargetDependency */,
			);
			name = shiyanjiu3UITests;
			productName = shiyanjiu3UITests;
			productReference = AC3FF42521C8DB96005BC7CC /* shiyanjiu3UITests.xctest */;
			productType = "com.apple.product-type.bundle.ui-testing";
		};
/* End PBXNativeTarget section */

/* Begin PBXProject section */
		AC3FF3FE21C8DB96005BC7CC /* Project object */ = {
			isa = PBXProject;
			attributes = {
				LastSwiftUpdateCheck = 0920;
				LastUpgradeCheck = 0920;
				ORGANIZATIONNAME = yanlu;
				TargetAttributes = {
					AC3FF40521C8DB96005BC7CC = {
						CreatedOnToolsVersion = 9.2;
						ProvisioningStyle = Automatic;
					};
					AC3FF41921C8DB96005BC7CC = {
						CreatedOnToolsVersion = 9.2;
						ProvisioningStyle = Automatic;
						TestTargetID = AC3FF40521C8DB96005BC7CC;
					};
					AC3FF42421C8DB96005BC7CC = {
						CreatedOnToolsVersion = 9.2;
						ProvisioningStyle = Automatic;
						TestTargetID = AC3FF40521C8DB96005BC7CC;
					};
				};
			};
			buildConfigurationList = AC3FF40121C8DB96005BC7CC /* Build configuration list for PBXProject "shiyanjiu3" */;
			compatibilityVersion = "Xcode 8.0";
			developmentRegion = en;
			hasScannedForEncodings = 0;
			knownRegions = (
				en,
				Base,
			);
			mainGroup = AC3FF3FD21C8DB96005BC7CC;
			productRefGroup = AC3FF40721C8DB96005BC7CC /* Products */;
			projectDirPath = "";
			projectRoot = "";
			targets = (
				AC3FF40521C8DB96005BC7CC /* shiyanjiu3 */,
				AC3FF41921C8DB96005BC7CC /* shiyanjiu3Tests */,
				AC3FF42421C8DB96005BC7CC /* shiyanjiu3UITests */,
			);
		};
/* End PBXProject section */

/* Begin PBXResourcesBuildPhase section */
		AC3FF40421C8DB96005BC7CC /* Resources */ = {
			isa = PBXResourcesBuildPhase;
			buildActionMask = 2147483647;
			files = (
				AC3FF43C21C8DCB6005BC7CC /* LaunchScreen.storyboard in Resources */,
				AC3FF43E21C8DCEA005BC7CC /* Assets.xcassets in Resources */,
				AC3FF43921C8DC27005BC7CC /* Main.storyboard in Resources */,
			);
			runOnlyForDeploymentPostprocessing = 0;
		};
		AC3FF41821C8DB96005BC7CC /* Resources */ = {
			isa = PBXResourcesBuildPhase;
			buildActionMask = 2147483647;
			files = (
			);
			runOnlyForDeploymentPostprocessing = 0;
		};
		AC3FF42321C8DB96005BC7CC /* Resources */ = {
			isa = PBXResourcesBuildPhase;
			buildActionMask = 2147483647;
			files = (
			);
			runOnlyForDeploymentPostprocessing = 0;
		};
/* End PBXResourcesBuildPhase section */

/* Begin PBXSourcesBuildPhase section */
		AC3FF40221C8DB96005BC7CC /* Sources */ = {
			isa = PBXSourcesBuildPhase;
			buildActionMask = 2147483647;
			files = (
				AC3FF40C21C8DB96005BC7CC /* ViewController.swift in Sources */,
				AC3FF40A21C8DB96005BC7CC /* AppDelegate.swift in Sources */,
			);
			runOnlyForDeploymentPostprocessing = 0;
		};
		AC3FF41621C8DB96005BC7CC /* Sources */ = {
			isa = PBXSourcesBuildPhase;
			buildActionMask = 2147483647;
			files = (
				AC3FF41F21C8DB96005BC7CC /* shiyanjiu3Tests.swift in Sources */,
			);
			runOnlyForDeploymentPostprocessing = 0;
		};
		AC3FF42121C8DB96005BC7CC /* Sources */ = {
			isa = PBXSourcesBuildPhase;
			buildActionMask = 2147483647;
			files = (
				AC3FF42A21C8DB96005BC7CC /* shiyanjiu3UITests.swift in Sources */,
			);
			runOnlyForDeploymentPostprocessing = 0;
		};
/* End PBXSourcesBuildPhase section */

/* Begin PBXTargetDependency section */
		AC3FF41C21C8DB96005BC7CC /* PBXTargetDependency */ = {
			isa = PBXTargetDependency;
			target = AC3FF40521C8DB96005BC7CC /* shiyanjiu3 */;
			targetProxy = AC3FF41B21C8DB96005BC7CC /* PBXContainerItemProxy */;
		};
		AC3FF42721C8DB96005BC7CC /* PBXTargetDependency */ = {
			isa = PBXTargetDependency;
			target = AC3FF40521C8DB96005BC7CC /* shiyanjiu3 */;
			targetProxy = AC3FF42621C8DB96005BC7CC /* PBXContainerItemProxy */;
		};
/* End PBXTargetDependency section */

/* Begin PBXVariantGroup section */
		AC3FF43721C8DC27005BC7CC /* Main.storyboard */ = {
			isa = PBXVariantGroup;
			children = (
				AC3FF43821C8DC27005BC7CC /* Base */,
			);
			name = Main.storyboard;
			sourceTree = "<group>";
		};
		AC3FF43A21C8DCB6005BC7CC /* LaunchScreen.storyboard */ = {
			isa = PBXVariantGroup;
			children = (
				AC3FF43B21C8DCB6005BC7CC /* Base */,
			);
			name = LaunchScreen.storyboard;
			sourceTree = "<group>";
		};
/* End PBXVariantGroup section */

/* Begin XCBuildConfiguration section */
		AC3FF42C21C8DB96005BC7CC /* Debug */ = {
			isa = XCBuildConfiguration;
			buildSettings = {
				ALWAYS_SEARCH_USER_PATHS = NO;
				CLANG_ANALYZER_NONNULL = YES;
				CLANG_ANALYZER_NUMBER_OBJECT_CONVERSION = YES_AGGRESSIVE;
				CLANG_CXX_LANGUAGE_STANDARD = "gnu++14";
				CLANG_CXX_LIBRARY = "libc++";
				CLANG_ENABLE_MODULES = YES;
				CLANG_ENABLE_OBJC_ARC = YES;
				CLANG_WARN_BLOCK_CAPTURE_AUTORELEASING = YES;
				CLANG_WARN_BOOL_CONVERSION = YES;
				CLANG_WARN_COMMA = YES;
				CLANG_WARN_CONSTANT_CONVERSION = YES;
				CLANG_WARN_DIRECT_OBJC_ISA_USAGE = YES_ERROR;
				CLANG_WARN_DOCUMENTATION_COMMENTS = YES;
				CLANG_WARN_EMPTY_BODY = YES;
				CLANG_WARN_ENUM_CONVERSION = YES;
				CLANG_WARN_INFINITE_RECURSION = YES;
				CLANG_WARN_INT_CONVERSION = YES;
				CLANG_WARN_NON_LITERAL_NULL_CONVERSION = YES;
				CLANG_WARN_OBJC_LITERAL_CONVERSION = YES;
				CLANG_WARN_OBJC_ROOT_CLASS = YES_ERROR;
				CLANG_WARN_RANGE_LOOP_ANALYSIS = YES;
				CLANG_WARN_STRICT_PROTOTYPES = YES;
				CLANG_WARN_SUSPICIOUS_MOVE = YES;
				CLANG_WARN_UNGUARDED_AVAILABILITY = YES_AGGRESSIVE;
				CLANG_WARN_UNREACHABLE_CODE = YES;
				CLANG_WARN__DUPLICATE_METHOD_MATCH = YES;
				CODE_SIGN_IDENTITY = "iPhone Developer";
				COPY_PHASE_STRIP = NO;
				DEBUG_INFORMATION_FORMAT = dwarf;
				ENABLE_STRICT_OBJC_MSGSEND = YES;
				ENABLE_TESTABILITY = YES;
				GCC_C_LANGUAGE_STANDARD = gnu11;
				GCC_DYNAMIC_NO_PIC = NO;
				GCC_NO_COMMON_BLOCKS = YES;
				GCC_OPTIMIZATION_LEVEL = 0;
				GCC_PREPROCESSOR_DEFINITIONS = (
					"DEBUG=1",
					"$(inherited)",
				);
				GCC_WARN_64_TO_32_BIT_CONVERSION = YES;
				GCC_WARN_ABOUT_RETURN_TYPE = YES_ERROR;
				GCC_WARN_UNDECLARED_SELECTOR = YES;
				GCC_WARN_UNINITIALIZED_AUTOS = YES_AGGRESSIVE;
				GCC_WARN_UNUSED_FUNCTION = YES;
				GCC_WARN_UNUSED_VARIABLE = YES;
				IPHONEOS_DEPLOYMENT_TARGET = 11.2;
				MTL_ENABLE_DEBUG_INFO = YES;
				ONLY_ACTIVE_ARCH = YES;
				SDKROOT = iphoneos;
				SWIFT_ACTIVE_COMPILATION_CONDITIONS = DEBUG;
				SWIFT_OPTIMIZATION_LEVEL = "-Onone";
			};
			name = Debug;
		};
		AC3FF42D21C8DB96005BC7CC /* Release */ = {
			isa = XCBuildConfiguration;
			buildSettings = {
				ALWAYS_SEARCH_USER_PATHS = NO;
				CLANG_ANALYZER_NONNULL = YES;
				CLANG_ANALYZER_NUMBER_OBJECT_CONVERSION = YES_AGGRESSIVE;
				CLANG_CXX_LANGUAGE_STANDARD = "gnu++14";
				CLANG_CXX_LIBRARY = "libc++";
				CLANG_ENABLE_MODULES = YES;
				CLANG_ENABLE_OBJC_ARC = YES;
				CLANG_WARN_BLOCK_CAPTURE_AUTORELEASING = YES;
				CLANG_WARN_BOOL_CONVERSION = YES;
				CLANG_WARN_COMMA = YES;
				CLANG_WARN_CONSTANT_CONVERSION = YES;
				CLANG_WARN_DIRECT_OBJC_ISA_USAGE = YES_ERROR;
				CLANG_WARN_DOCUMENTATION_COMMENTS = YES;
				CLANG_WARN_EMPTY_BODY = YES;
				CLANG_WARN_ENUM_CONVERSION = YES;
				CLANG_WARN_INFINITE_RECURSION = YES;
				CLANG_WARN_INT_CONVERSION = YES;
				CLANG_WARN_NON_LITERAL_NULL_CONVERSION = YES;
				CLANG_WARN_OBJC_LITERAL_CONVERSION = YES;
				CLANG_WARN_OBJC_ROOT_CLASS = YES_ERROR;
				CLANG_WARN_RANGE_LOOP_ANALYSIS = YES;
				CLANG_WARN_STRICT_PROTOTYPES = YES;
				CLANG_WARN_SUSPICIOUS_MOVE = YES;
				CLANG_WARN_UNGUARDED_AVAILABILITY = YES_AGGRESSIVE;
				CLANG_WARN_UNREACHABLE_CODE = YES;
				CLANG_WARN__DUPLICATE_METHOD_MATCH = YES;
				CODE_SIGN_IDENTITY = "iPhone Developer";
				COPY_PHASE_STRIP = NO;
				DEBUG_INFORMATION_FORMAT = "dwarf-with-dsym";
				ENABLE_NS_ASSERTIONS = NO;
				ENABLE_STRICT_OBJC_MSGSEND = YES;
				GCC_C_LANGUAGE_STANDARD = gnu11;
				GCC_NO_COMMON_BLOCKS = YES;
				GCC_WARN_64_TO_32_BIT_CONVERSION = YES;
				GCC_WARN_ABOUT_RETURN_TYPE = YES_ERROR;
				GCC_WARN_UNDECLARED_SELECTOR = YES;
				GCC_WARN_UNINITIALIZED_AUTOS = YES_AGGRESSIVE;
				GCC_WARN_UNUSED_FUNCTION = YES;
				GCC_WARN_UNUSED_VARIABLE = YES;
				IPHONEOS_DEPLOYMENT_TARGET = 11.2;
				MTL_ENABLE_DEBUG_INFO = NO;
				SDKROOT = iphoneos;
				SWIFT_OPTIMIZATION_LEVEL = "-Owholemodule";
				VALIDATE_PRODUCT = YES;
			};
			name = Release;
		};
		AC3FF42F21C8DB96005BC7CC /* Debug */ = {
			isa = XCBuildConfiguration;
			buildSettings = {
				ASSETCATALOG_COMPILER_APPICON_NAME = AppIcon;
				CODE_SIGN_STYLE = Automatic;
				INFOPLIST_FILE = shiyanjiu3/Info.plist;
				LD_RUNPATH_SEARCH_PATHS = "$(inherited) @executable_path/Frameworks";
				PRODUCT_BUNDLE_IDENTIFIER = "-016110344.shiyanjiu3";
				PRODUCT_NAME = "$(TARGET_NAME)";
				SWIFT_VERSION = 4.0;
				TARGETED_DEVICE_FAMILY = "1,2";
			};
			name = Debug;
		};
		AC3FF43021C8DB96005BC7CC /* Release */ = {
			isa = XCBuildConfiguration;
			buildSettings = {
				ASSETCATALOG_COMPILER_APPICON_NAME = AppIcon;
				CODE_SIGN_STYLE = Automatic;
				INFOPLIST_FILE = shiyanjiu3/Info.plist;
				LD_RUNPATH_SEARCH_PATHS = "$(inherited) @executable_path/Frameworks";
				PRODUCT_BUNDLE_IDENTIFIER = "-016110344.shiyanjiu3";
				PRODUCT_NAME = "$(TARGET_NAME)";
				SWIFT_VERSION = 4.0;
				TARGETED_DEVICE_FAMILY = "1,2";
			};
			name = Release;
		};
		AC3FF43221C8DB96005BC7CC /* Debug */ = {
			isa = XCBuildConfiguration;
			buildSettings = {
				ALWAYS_EMBED_SWIFT_STANDARD_LIBRARIES = YES;
				BUNDLE_LOADER = "$(TEST_HOST)";
				CODE_SIGN_STYLE = Automatic;
				INFOPLIST_FILE = shiyanjiu3Tests/Info.plist;
				LD_RUNPATH_SEARCH_PATHS = "$(inherited) @executable_path/Frameworks @loader_path/Frameworks";
				PRODUCT_BUNDLE_IDENTIFIER = "-016110344.shiyanjiu3Tests";
				PRODUCT_NAME = "$(TARGET_NAME)";
				SWIFT_VERSION = 4.0;
				TARGETED_DEVICE_FAMILY = "1,2";
				TEST_HOST = "$(BUILT_PRODUCTS_DIR)/shiyanjiu3.app/shiyanjiu3";
			};
			name = Debug;
		};
		AC3FF43321C8DB96005BC7CC /* Release */ = {
			isa = XCBuildConfiguration;
			buildSettings = {
				ALWAYS_EMBED_SWIFT_STANDARD_LIBRARIES = YES;
				BUNDLE_LOADER = "$(TEST_HOST)";
				CODE_SIGN_STYLE = Automatic;
				INFOPLIST_FILE = shiyanjiu3Tests/Info.plist;
				LD_RUNPATH_SEARCH_PATHS = "$(inherited) @executable_path/Frameworks @loader_path/Frameworks";
				PRODUCT_BUNDLE_IDENTIFIER = "-016110344.shiyanjiu3Tests";
				PRODUCT_NAME = "$(TARGET_NAME)";
				SWIFT_VERSION = 4.0;
				TARGETED_DEVICE_FAMILY = "1,2";
				TEST_HOST = "$(BUILT_PRODUCTS_DIR)/shiyanjiu3.app/shiyanjiu3";
			};
			name = Release;
		};
		AC3FF43521C8DB96005BC7CC /* Debug */ = {
			isa = XCBuildConfiguration;
			buildSettings = {
				ALWAYS_EMBED_SWIFT_STANDARD_LIBRARIES = YES;
				CODE_SIGN_STYLE = Automatic;
				INFOPLIST_FILE = shiyanjiu3UITests/Info.plist;
				LD_RUNPATH_SEARCH_PATHS = "$(inherited) @executable_path/Frameworks @loader_path/Frameworks";
				PRODUCT_BUNDLE_IDENTIFIER = "-016110344.shiyanjiu3UITests";
				PRODUCT_NAME = "$(TARGET_NAME)";
				SWIFT_VERSION = 4.0;
				TARGETED_DEVICE_FAMILY = "1,2";
				TEST_TARGET_NAME = shiyanjiu3;
			};
			name = Debug;
		};
		AC3FF43621C8DB96005BC7CC /* Release */ = {
			isa = XCBuildConfiguration;
			buildSettings = {
				ALWAYS_EMBED_SWIFT_STANDARD_LIBRARIES = YES;
				CODE_SIGN_STYLE = Automatic;
				INFOPLIST_FILE = shiyanjiu3UITests/Info.plist;
				LD_RUNPATH_SEARCH_PATHS = "$(inherited) @executable_path/Frameworks @loader_path/Frameworks";
				PRODUCT_BUNDLE_IDENTIFIER = "-016110344.shiyanjiu3UITests";
				PRODUCT_NAME = "$(TARGET_NAME)";
				SWIFT_VERSION = 4.0;
				TARGETED_DEVICE_FAMILY = "1,2";
				TEST_TARGET_NAME = shiyanjiu3;
			};
			name = Release;
		};
/* End XCBuildConfiguration section */

/* Begin XCConfigurationList section */
		AC3FF40121C8DB96005BC7CC /* Build configuration list for PBXProject "shiyanjiu3" */ = {
			isa = XCConfigurationList;
			buildConfigurations = (
				AC3FF42C21C8DB96005BC7CC /* Debug */,
				AC3FF42D21C8DB96005BC7CC /* Release */,
			);
			defaultConfigurationIsVisible = 0;
			defaultConfigurationName = Release;
		};
		AC3FF42E21C8DB96005BC7CC /* Build configuration list for PBXNativeTarget "shiyanjiu3" */ = {
			isa = XCConfigurationList;
			buildConfigurations = (
				AC3FF42F21C8DB96005BC7CC /* Debug */,
				AC3FF43021C8DB96005BC7CC /* Release */,
			);
			defaultConfigurationIsVisible = 0;
			defaultConfigurationName = Release;
		};
		AC3FF43121C8DB96005BC7CC /* Build configuration list for PBXNativeTarget "shiyanjiu3Tests" */ = {
			isa = XCConfigurationList;
			buildConfigurations = (
				AC3FF43221C8DB96005BC7CC /* Debug */,
				AC3FF43321C8DB96005BC7CC /* Release */,
			);
			defaultConfigurationIsVisible = 0;
			defaultConfigurationName = Release;
		};
		AC3FF43421C8DB96005BC7CC /* Build configuration list for PBXNativeTarget "shiyanjiu3UITests" */ = {
			isa = XCConfigurationList;
			buildConfigurations = (
				AC3FF43521C8DB96005BC7CC /* Debug */,
				AC3FF43621C8DB96005BC7CC /* Release */,
			);
			defaultConfigurationIsVisible = 0;
			defaultConfigurationName = Release;
		};
/* End XCConfigurationList section */
	};
	rootObject = AC3FF3FE21C8DB96005BC7CC /* Project object */;
}
